
Microsoft Visual Studio Solution File, Format Version 12.00
# Visual Studio 14
VisualStudioVersion = 14.0.25420.1
MinimumVisualStudioVersion = 10.0.40219.1
Project("{8BC9CEB8-8B4A-11D0-8D11-00A0C91BC942}") = "STLTest", "STLTest\STLTest.vcxproj", "{ECCB5883-C969-43E7-90BC-1A521BD19089}"
EndProject
Project("{8BC9CEB8-8B4A-11D0-8D11-00A0C91BC942}") = "Algorithm", "Algorithm\Algorithm.vcxproj", "{FE9B43C6-FB50-4431-96CD-8FE02800D855}"
EndProject
Project("{8BC9CEB8-8B4A-11D0-8D11-00A0C91BC942}") = "Windows", "Windows\Windows.vcxproj", "{C6FBFB24-BD12-4287-94AA-26EC6DC03B20}"
EndProject
Project("{8BC9CEB8-8B4A-11D0-8D11-00A0C91BC942}") = "Base", "Base\Base.vcxproj", "{7A5065AD-FA94-4512-A5CE-F517AF45A4A0}"
EndProject
Project("{8BC9CEB8-8B4A-11D0-8D11-00A0C91BC942}") = "MultiMedia", "MultiMedia\MultiMedia.vcxproj", "{286CAB22-A9FB-4661-BC82-38495AAD96EC}"
EndProject
Project("{2150E333-8FDC-42A3-9474-1A3956D46DE8}") = "Solution Items", "Solution Items", "{6B3247F1-AC9C-4792-AB82-0A99188AC8A3}"
	ProjectSection(SolutionItems) = preProject
		DesignPattern\DesignPattern.vcxproj = DesignPattern\DesignPattern.vcxproj
	EndProjectSection
EndProject
Project("{8BC9CEB8-8B4A-11D0-8D11-00A0C91BC942}") = "DesignPattern", "DesignPattern\DesignPattern.vcxproj", "{607F8857-2D39-42FD-B890-61DDE0EB6174}"
EndProject
Global
	GlobalSection(SolutionConfigurationPlatforms) = preSolution
		Debug|x64 = Debug|x64
		Debug|x86 = Debug|x86
		Release|x64 = Release|x64
		Release|x86 = Release|x86
	EndGlobalSection
	GlobalSection(ProjectConfigurationPlatforms) = postSolution
		{ECCB5883-C969-43E7-90BC-1A521BD19089}.Debug|x64.ActiveCfg = Debug|x64
		{ECCB5883-C969-43E7-90BC-1A521BD19089}.Debug|x64.Build.0 = Debug|x64
		{ECCB5883-C969-43E7-90BC-1A521BD19089}.Debug|x86.ActiveCfg = Debug|Win32
		{ECCB5883-C969-43E7-90BC-1A521BD19089}.Debug|x86.Build.0 = Debug|Win32
		{ECCB5883-C969-43E7-90BC-1A521BD19089}.Release|x64.ActiveCfg = Release|x64
		{ECCB5883-C969-43E7-90BC-1A521BD19089}.Release|x64.Build.0 = Release|x64
		{ECCB5883-C969-43E7-90BC-1A521BD19089}.Release|x86.ActiveCfg = Release|Win32
		{ECCB5883-C969-43E7-90BC-1A521BD19089}.Release|x86.Build.0 = Release|Win32
		{FE9B43C6-FB50-4431-96CD-8FE02800D855}.Debug|x64.ActiveCfg = Debug|x64
		{FE9B43C6-FB50-4431-96CD-8FE02800D855}.Debug|x64.Build.0 = Debug|x64
		{FE9B43C6-FB50-4431-96CD-8FE02800D855}.Debug|x86.ActiveCfg = Debug|Win32
		{FE9B43C6-FB50-4431-96CD-8FE02800D855}.Debug|x86.Build.0 = Debug|Win32
		{FE9B43C6-FB50-4431-96CD-8FE02800D855}.Release|x64.ActiveCfg = Release|x64
		{FE9B43C6-FB50-4431-96CD-8FE02800D855}.Release|x64.Build.0 = Release|x64
		{FE9B43C6-FB50-4431-96CD-8FE02800D855}.Release|x86.ActiveCfg = Release|Win32
		{FE9B43C6-FB50-4431-96CD-8FE02800D855}.Release|x86.Build.0 = Release|Win32
		{C6FBFB24-BD12-4287-94AA-26EC6DC03B20}.Debug|x64.ActiveCfg = Debug|x64
		{C6FBFB24-BD12-4287-94AA-26EC6DC03B20}.Debug|x64.Build.0 = Debug|x64
		{C6FBFB24-BD12-4287-94AA-26EC6DC03B20}.Debug|x86.ActiveCfg = Debug|Win32
		{C6FBFB24-BD12-4287-94AA-26EC6DC03B20}.Debug|x86.Build.0 = Debug|Win32
		{C6FBFB24-BD12-4287-94AA-26EC6DC03B20}.Release|x64.ActiveCfg = Release|x64
		{C6FBFB24-BD12-4287-94AA-26EC6DC03B20}.Release|x64.Build.0 = Release|x64
		{C6FBFB24-BD12-4287-94AA-26EC6DC03B20}.Release|x86.ActiveCfg = Release|Win32
		{C6FBFB24-BD12-4287-94AA-26EC6DC03B20}.Release|x86.Build.0 = Release|Win32
		{7A5065AD-FA94-4512-A5CE-F517AF45A4A0}.Debug|x64.ActiveCfg = Debug|x64
		{7A5065AD-FA94-4512-A5CE-F517AF45A4A0}.Debug|x64.Build.0 = Debug|x64
		{7A5065AD-FA94-4512-A5CE-F517AF45A4A0}.Debug|x86.ActiveCfg = Debug|Win32
		{7A5065AD-FA94-4512-A5CE-F517AF45A4A0}.Debug|x86.Build.0 = Debug|Win32
		{7A5065AD-FA94-4512-A5CE-F517AF45A4A0}.Release|x64.ActiveCfg = Release|x64
		{7A5065AD-FA94-4512-A5CE-F517AF45A4A0}.Release|x64.Build.0 = Release|x64
		{7A5065AD-FA94-4512-A5CE-F517AF45A4A0}.Release|x86.ActiveCfg = Release|Win32
		{7A5065AD-FA94-4512-A5CE-F517AF45A4A0}.Release|x86.Build.0 = Release|Win32
		{286CAB22-A9FB-4661-BC82-38495AAD96EC}.Debug|x64.ActiveCfg = Debug|x64
		{286CAB22-A9FB-4661-BC82-38495AAD96EC}.Debug|x64.Build.0 = Debug|x64
		{286CAB22-A9FB-4661-BC82-38495AAD96EC}.Debug|x86.ActiveCfg = Debug|Win32
		{286CAB22-A9FB-4661-BC82-38495AAD96EC}.Debug|x86.Build.0 = Debug|Win32
		{286CAB22-A9FB-4661-BC82-38495AAD96EC}.Release|x64.ActiveCfg = Release|x64
		{286CAB22-A9FB-4661-BC82-38495AAD96EC}.Release|x64.Build.0 = Release|x64
		{286CAB22-A9FB-4661-BC82-38495AAD96EC}.Release|x86.ActiveCfg = Release|Win32
		{286CAB22-A9FB-4661-BC82-38495AAD96EC}.Release|x86.Build.0 = Release|Win32
		{607F8857-2D39-42FD-B890-61DDE0EB6174}.Debug|x64.ActiveCfg = Debug|x64
		{607F8857-2D39-42FD-B890-61DDE0EB6174}.Debug|x64.Build.0 = Debug|x64
		{607F8857-2D39-42FD-B890-61DDE0EB6174}.Debug|x86.ActiveCfg = Debug|Win32
		{607F8857-2D39-42FD-B890-61DDE0EB6174}.Debug|x86.Build.0 = Debug|Win32
		{607F8857-2D39-42FD-B890-61DDE0EB6174}.Release|x64.ActiveCfg = Release|x64
		{607F8857-2D39-42FD-B890-61DDE0EB6174}.Release|x64.Build.0 = Release|x64
		{607F8857-2D39-42FD-B890-61DDE0EB6174}.Release|x86.ActiveCfg = Release|Win32
		{607F8857-2D39-42FD-B890-61DDE0EB6174}.Release|x86.Build.0 = Release|Win32
	EndGlobalSection
	GlobalSection(SolutionProperties) = preSolution
		HideSolutionNode = FALSE
	EndGlobalSection
EndGlobal
